// !$*UTF8*$!
{
	archiveVersion = 1;
	classes = {
	};
	objectVersion = 51;
	objects = {

/* Begin PBXBuildFile section */
		929A3C9A497A9DC9A4CE9F77 /* Pods_ToDoFire.framework in Frameworks */ = {isa = PBXBuildFile; fileRef = E2E49331B1C09204C2D34CF1 /* Pods_ToDoFire.framework */; };
		EA03379A25E8DD5B00963BB4 /* AppDelegate.swift in Sources */ = {isa = PBXBuildFile; fileRef = EA03379925E8DD5B00963BB4 /* AppDelegate.swift */; };
		EA03379C25E8DD5B00963BB4 /* SceneDelegate.swift in Sources */ = {isa = PBXBuildFile; fileRef = EA03379B25E8DD5B00963BB4 /* SceneDelegate.swift */; };
		EA03379E25E8DD5B00963BB4 /* LoginViewController.swift in Sources */ = {isa = PBXBuildFile; fileRef = EA03379D25E8DD5B00963BB4 /* LoginViewController.swift */; };
		EA0337A125E8DD5B00963BB4 /* Main.storyboard in Resources */ = {isa = PBXBuildFile; fileRef = EA03379F25E8DD5B00963BB4 /* Main.storyboard */; };
		EA0337A325E8DD5D00963BB4 /* Assets.xcassets in Resources */ = {isa = PBXBuildFile; fileRef = EA0337A225E8DD5D00963BB4 /* Assets.xcassets */; };
		EA0337A625E8DD5D00963BB4 /* LaunchScreen.storyboard in Resources */ = {isa = PBXBuildFile; fileRef = EA0337A425E8DD5D00963BB4 /* LaunchScreen.storyboard */; };
		EA0337B125E8EF3500963BB4 /* TasksViewController.swift in Sources */ = {isa = PBXBuildFile; fileRef = EA0337B025E8EF3500963BB4 /* TasksViewController.swift */; };
		EA0337B825E8F60300963BB4 /* GoogleService-Info.plist in Resources */ = {isa = PBXBuildFile; fileRef = EA0337B725E8F60300963BB4 /* GoogleService-Info.plist */; };
		EA0337CE25EC38EA00963BB4 /* User.swift in Sources */ = {isa = PBXBuildFile; fileRef = EA0337CD25EC38EA00963BB4 /* User.swift */; };
		EA0337D125EC38FC00963BB4 /* Task.swift in Sources */ = {isa = PBXBuildFile; fileRef = EA0337D025EC38FC00963BB4 /* Task.swift */; };
		EA0337DA25ECF99500963BB4 /* Снимок экрана 2021-03-01 в 14.13.55.png in Resources */ = {isa = PBXBuildFile; fileRef = EA0337D725ECF99400963BB4 /* Снимок экрана 2021-03-01 в 14.13.55.png */; };
		EA0337DB25ECF99500963BB4 /* Снимок экрана 2021-03-01 в 14.14.03.png in Resources */ = {isa = PBXBuildFile; fileRef = EA0337D825ECF99400963BB4 /* Снимок экрана 2021-03-01 в 14.14.03.png */; };
		EA0337DC25ECF99500963BB4 /* Снимок экрана 2021-03-01 в 14.13.37.png in Resources */ = {isa = PBXBuildFile; fileRef = EA0337D925ECF99500963BB4 /* Снимок экрана 2021-03-01 в 14.13.37.png */; };
		EA0337DF25ECFC6400963BB4 /* Снимок экрана 2021-03-01 в 14.40.22.png in Resources */ = {isa = PBXBuildFile; fileRef = EA0337DE25ECFC6400963BB4 /* Снимок экрана 2021-03-01 в 14.40.22.png */; };
/* End PBXBuildFile section */

/* Begin PBXFileReference section */
		0DDC84779745C82FB14B8731 /* Pods-ToDoFire.release.xcconfig */ = {isa = PBXFileReference; includeInIndex = 1; lastKnownFileType = text.xcconfig; name = "Pods-ToDoFire.release.xcconfig"; path = "Target Support Files/Pods-ToDoFire/Pods-ToDoFire.release.xcconfig"; sourceTree = "<group>"; };
		9387AE438224EE7FD522A11F /* Pods-ToDoFire.debug.xcconfig */ = {isa = PBXFileReference; includeInIndex = 1; lastKnownFileType = text.xcconfig; name = "Pods-ToDoFire.debug.xcconfig"; path = "Target Support Files/Pods-ToDoFire/Pods-ToDoFire.debug.xcconfig"; sourceTree = "<group>"; };
		E2E49331B1C09204C2D34CF1 /* Pods_ToDoFire.framework */ = {isa = PBXFileReference; explicitFileType = wrapper.framework; includeInIndex = 0; path = Pods_ToDoFire.framework; sourceTree = BUILT_PRODUCTS_DIR; };
		EA03379625E8DD5B00963BB4 /* ToDoFire.app */ = {isa = PBXFileReference; explicitFileType = wrapper.application; includeInIndex = 0; path = ToDoFire.app; sourceTree = BUILT_PRODUCTS_DIR; };
		EA03379925E8DD5B00963BB4 /* AppDelegate.swift */ = {isa = PBXFileReference; lastKnownFileType = sourcecode.swift; path = AppDelegate.swift; sourceTree = "<group>"; };
		EA03379B25E8DD5B00963BB4 /* SceneDelegate.swift */ = {isa = PBXFileReference; lastKnownFileType = sourcecode.swift; path = SceneDelegate.swift; sourceTree = "<group>"; };
		EA03379D25E8DD5B00963BB4 /* LoginViewController.swift */ = {isa = PBXFileReference; lastKnownFileType = sourcecode.swift; path = LoginViewController.swift; sourceTree = "<group>"; };
		EA0337A025E8DD5B00963BB4 /* Base */ = {isa = PBXFileReference; lastKnownFileType = file.storyboard; name = Base; path = Base.lproj/Main.storyboard; sourceTree = "<group>"; };
		EA0337A225E8DD5D00963BB4 /* Assets.xcassets */ = {isa = PBXFileReference; lastKnownFileType = folder.assetcatalog; path = Assets.xcassets; sourceTree = "<group>"; };
		EA0337A525E8DD5D00963BB4 /* Base */ = {isa = PBXFileReference; lastKnownFileType = file.storyboard; name = Base; path = Base.lproj/LaunchScreen.storyboard; sourceTree = "<group>"; };
		EA0337A725E8DD5D00963BB4 /* Info.plist */ = {isa = PBXFileReference; lastKnownFileType = text.plist.xml; path = Info.plist; sourceTree = "<group>"; };
		EA0337B025E8EF3500963BB4 /* TasksViewController.swift */ = {isa = PBXFileReference; lastKnownFileType = sourcecode.swift; path = TasksViewController.swift; sourceTree = "<group>"; };
		EA0337B725E8F60300963BB4 /* GoogleService-Info.plist */ = {isa = PBXFileReference; fileEncoding = 4; lastKnownFileType = text.plist.xml; path = "GoogleService-Info.plist"; sourceTree = "<group>"; };
		EA0337CD25EC38EA00963BB4 /* User.swift */ = {isa = PBXFileReference; lastKnownFileType = sourcecode.swift; path = User.swift; sourceTree = "<group>"; };
		EA0337D025EC38FC00963BB4 /* Task.swift */ = {isa = PBXFileReference; lastKnownFileType = sourcecode.swift; path = Task.swift; sourceTree = "<group>"; };
		EA0337D725ECF99400963BB4 /* Снимок экрана 2021-03-01 в 14.13.55.png */ = {isa = PBXFileReference; lastKnownFileType = image.png; path = "Снимок экрана 2021-03-01 в 14.13.55.png"; sourceTree = "<group>"; };
		EA0337D825ECF99400963BB4 /* Снимок экрана 2021-03-01 в 14.14.03.png */ = {isa = PBXFileReference; lastKnownFileType = image.png; path = "Снимок экрана 2021-03-01 в 14.14.03.png"; sourceTree = "<group>"; };
		EA0337D925ECF99500963BB4 /* Снимок экрана 2021-03-01 в 14.13.37.png */ = {isa = PBXFileReference; lastKnownFileType = image.png; path = "Снимок экрана 2021-03-01 в 14.13.37.png"; sourceTree = "<group>"; };
		EA0337DE25ECFC6400963BB4 /* Снимок экрана 2021-03-01 в 14.40.22.png */ = {isa = PBXFileReference; lastKnownFileType = image.png; path = "Снимок экрана 2021-03-01 в 14.40.22.png"; sourceTree = "<group>"; };
/* End PBXFileReference section */

/* Begin PBXFrameworksBuildPhase section */
		EA03379325E8DD5B00963BB4 /* Frameworks */ = {
			isa = PBXFrameworksBuildPhase;
			buildActionMask = 2147483647;
			files = (
				929A3C9A497A9DC9A4CE9F77 /* Pods_ToDoFire.framework in Frameworks */,
			);
			runOnlyForDeploymentPostprocessing = 0;
		};
/* End PBXFrameworksBuildPhase section */

/* Begin PBXGroup section */
		815F8F360F8A5E309D9DC605 /* Pods */ = {
			isa = PBXGroup;
			children = (
				9387AE438224EE7FD522A11F /* Pods-ToDoFire.debug.xcconfig */,
				0DDC84779745C82FB14B8731 /* Pods-ToDoFire.release.xcconfig */,
			);
			path = Pods;
			sourceTree = "<group>";
		};
		962416087FC35E24BF59BC73 /* Frameworks */ = {
			isa = PBXGroup;
			children = (
				E2E49331B1C09204C2D34CF1 /* Pods_ToDoFire.framework */,
			);
			name = Frameworks;
			sourceTree = "<group>";
		};
		EA03378D25E8DD5B00963BB4 = {
			isa = PBXGroup;
			children = (
				EA03379825E8DD5B00963BB4 /* ToDoFire */,
				EA03379725E8DD5B00963BB4 /* Products */,
				815F8F360F8A5E309D9DC605 /* Pods */,
				962416087FC35E24BF59BC73 /* Frameworks */,
			);
			sourceTree = "<group>";
		};
		EA03379725E8DD5B00963BB4 /* Products */ = {
			isa = PBXGroup;
			children = (
				EA03379625E8DD5B00963BB4 /* ToDoFire.app */,
			);
			name = Products;
			sourceTree = "<group>";
		};
		EA03379825E8DD5B00963BB4 /* ToDoFire */ = {
			isa = PBXGroup;
			children = (
				EA0337D325EC391500963BB4 /* Models */,
				EA0337B525E8EFC900963BB4 /* Controllers */,
				EA0337B325E8EF7700963BB4 /* Supporting files */,
				EA0337D625ECF80800963BB4 /* Screenshots */,
			);
			path = ToDoFire;
			sourceTree = "<group>";
		};
		EA0337B325E8EF7700963BB4 /* Supporting files */ = {
			isa = PBXGroup;
			children = (
				EA03379925E8DD5B00963BB4 /* AppDelegate.swift */,
				EA03379B25E8DD5B00963BB4 /* SceneDelegate.swift */,
				EA03379F25E8DD5B00963BB4 /* Main.storyboard */,
				EA0337A225E8DD5D00963BB4 /* Assets.xcassets */,
				EA0337A425E8DD5D00963BB4 /* LaunchScreen.storyboard */,
				EA0337B725E8F60300963BB4 /* GoogleService-Info.plist */,
				EA0337A725E8DD5D00963BB4 /* Info.plist */,
			);
			path = "Supporting files";
			sourceTree = "<group>";
		};
		EA0337B525E8EFC900963BB4 /* Controllers */ = {
			isa = PBXGroup;
			children = (
				EA03379D25E8DD5B00963BB4 /* LoginViewController.swift */,
				EA0337B025E8EF3500963BB4 /* TasksViewController.swift */,
			);
			path = Controllers;
			sourceTree = "<group>";
		};
		EA0337D325EC391500963BB4 /* Models */ = {
			isa = PBXGroup;
			children = (
				EA0337CD25EC38EA00963BB4 /* User.swift */,
				EA0337D025EC38FC00963BB4 /* Task.swift */,
			);
			path = Models;
			sourceTree = "<group>";
		};
		EA0337D625ECF80800963BB4 /* Screenshots */ = {
			isa = PBXGroup;
			children = (
				EA0337D925ECF99500963BB4 /* Снимок экрана 2021-03-01 в 14.13.37.png */,
				EA0337D725ECF99400963BB4 /* Снимок экрана 2021-03-01 в 14.13.55.png */,
				EA0337DE25ECFC6400963BB4 /* Снимок экрана 2021-03-01 в 14.40.22.png */,
				EA0337D825ECF99400963BB4 /* Снимок экрана 2021-03-01 в 14.14.03.png */,
			);
			path = Screenshots;
			sourceTree = "<group>";
		};
/* End PBXGroup section */

/* Begin PBXNativeTarget section */
		EA03379525E8DD5B00963BB4 /* ToDoFire */ = {
			isa = PBXNativeTarget;
			buildConfigurationList = EA0337AA25E8DD5D00963BB4 /* Build configuration list for PBXNativeTarget "ToDoFire" */;
			buildPhases = (
				CAE02588019655F106CD0810 /* [CP] Check Pods Manifest.lock */,
				EA03379225E8DD5B00963BB4 /* Sources */,
				EA03379325E8DD5B00963BB4 /* Frameworks */,
				EA03379425E8DD5B00963BB4 /* Resources */,
				6D65D0A29F965491DD015711 /* [CP] Embed Pods Frameworks */,
			);
			buildRules = (
			);
			dependencies = (
			);
			name = ToDoFire;
			productName = ToDoFire;
			productReference = EA03379625E8DD5B00963BB4 /* ToDoFire.app */;
			productType = "com.apple.product-type.application";
		};
/* End PBXNativeTarget section */

/* Begin PBXProject section */
		EA03378E25E8DD5B00963BB4 /* Project object */ = {
			isa = PBXProject;
			attributes = {
				LastSwiftUpdateCheck = 1240;
				LastUpgradeCheck = 1240;
				TargetAttributes = {
					EA03379525E8DD5B00963BB4 = {
						CreatedOnToolsVersion = 12.4;
					};
				};
			};
			buildConfigurationList = EA03379125E8DD5B00963BB4 /* Build configuration list for PBXProject "ToDoFire" */;
			compatibilityVersion = "Xcode 9.3";
			developmentRegion = en;
			hasScannedForEncodings = 0;
			knownRegions = (
				en,
				Base,
			);
			mainGroup = EA03378D25E8DD5B00963BB4;
			productRefGroup = EA03379725E8DD5B00963BB4 /* Products */;
			projectDirPath = "";
			projectRoot = "";
			targets = (
				EA03379525E8DD5B00963BB4 /* ToDoFire */,
			);
		};
/* End PBXProject section */

/* Begin PBXResourcesBuildPhase section */
		EA03379425E8DD5B00963BB4 /* Resources */ = {
			isa = PBXResourcesBuildPhase;
			buildActionMask = 2147483647;
			files = (
				EA0337DB25ECF99500963BB4 /* Снимок экрана 2021-03-01 в 14.14.03.png in Resources */,
				EA0337A625E8DD5D00963BB4 /* LaunchScreen.storyboard in Resources */,
				EA0337B825E8F60300963BB4 /* GoogleService-Info.plist in Resources */,
				EA0337DA25ECF99500963BB4 /* Снимок экрана 2021-03-01 в 14.13.55.png in Resources */,
				EA0337DC25ECF99500963BB4 /* Снимок экрана 2021-03-01 в 14.13.37.png in Resources */,
				EA0337A325E8DD5D00963BB4 /* Assets.xcassets in Resources */,
				EA0337DF25ECFC6400963BB4 /* Снимок экрана 2021-03-01 в 14.40.22.png in Resources */,
				EA0337A125E8DD5B00963BB4 /* Main.storyboard in Resources */,
			);
			runOnlyForDeploymentPostprocessing = 0;
		};
/* End PBXResourcesBuildPhase section */

/* Begin PBXShellScriptBuildPhase section */
		6D65D0A29F965491DD015711 /* [CP] Embed Pods Frameworks */ = {
			isa = PBXShellScriptBuildPhase;
			buildActionMask = 2147483647;
			files = (
			);
			inputFileListPaths = (
				"${PODS_ROOT}/Target Support Files/Pods-ToDoFire/Pods-ToDoFire-frameworks-${CONFIGURATION}-input-files.xcfilelist",
			);
			name = "[CP] Embed Pods Frameworks";
			outputFileListPaths = (
				"${PODS_ROOT}/Target Support Files/Pods-ToDoFire/Pods-ToDoFire-frameworks-${CONFIGURATION}-output-files.xcfilelist",
			);
			runOnlyForDeploymentPostprocessing = 0;
			shellPath = /bin/sh;
			shellScript = "\"${PODS_ROOT}/Target Support Files/Pods-ToDoFire/Pods-ToDoFire-frameworks.sh\"\n";
			showEnvVarsInLog = 0;
		};
		CAE02588019655F106CD0810 /* [CP] Check Pods Manifest.lock */ = {
			isa = PBXShellScriptBuildPhase;
			buildActionMask = 2147483647;
			files = (
			);
			inputFileListPaths = (
			);
			inputPaths = (
				"${PODS_PODFILE_DIR_PATH}/Podfile.lock",
				"${PODS_ROOT}/Manifest.lock",
			);
			name = "[CP] Check Pods Manifest.lock";
			outputFileListPaths = (
			);
			outputPaths = (
				"$(DERIVED_FILE_DIR)/Pods-ToDoFire-checkManifestLockResult.txt",
			);
			runOnlyForDeploymentPostprocessing = 0;
			shellPath = /bin/sh;
			shellScript = "diff \"${PODS_PODFILE_DIR_PATH}/Podfile.lock\" \"${PODS_ROOT}/Manifest.lock\" > /dev/null\nif [ $? != 0 ] ; then\n    # print error to STDERR\n    echo \"error: The sandbox is not in sync with the Podfile.lock. Run 'pod install' or update your CocoaPods installation.\" >&2\n    exit 1\nfi\n# This output is used by Xcode 'outputs' to avoid re-running this script phase.\necho \"SUCCESS\" > \"${SCRIPT_OUTPUT_FILE_0}\"\n";
			showEnvVarsInLog = 0;
		};
/* End PBXShellScriptBuildPhase section */

/* Begin PBXSourcesBuildPhase section */
		EA03379225E8DD5B00963BB4 /* Sources */ = {
			isa = PBXSourcesBuildPhase;
			buildActionMask = 2147483647;
			files = (
				EA03379E25E8DD5B00963BB4 /* LoginViewController.swift in Sources */,
				EA0337B125E8EF3500963BB4 /* TasksViewController.swift in Sources */,
				EA03379A25E8DD5B00963BB4 /* AppDelegate.swift in Sources */,
				EA0337CE25EC38EA00963BB4 /* User.swift in Sources */,
				EA0337D125EC38FC00963BB4 /* Task.swift in Sources */,
				EA03379C25E8DD5B00963BB4 /* SceneDelegate.swift in Sources */,
			);
			runOnlyForDeploymentPostprocessing = 0;
		};
/* End PBXSourcesBuildPhase section */

/* Begin PBXVariantGroup section */
		EA03379F25E8DD5B00963BB4 /* Main.storyboard */ = {
			isa = PBXVariantGroup;
			children = (
				EA0337A025E8DD5B00963BB4 /* Base */,
			);
			name = Main.storyboard;
			sourceTree = "<group>";
		};
		EA0337A425E8DD5D00963BB4 /* LaunchScreen.storyboard */ = {
			isa = PBXVariantGroup;
			children = (
				EA0337A525E8DD5D00963BB4 /* Base */,
			);
			name = LaunchScreen.storyboard;
			sourceTree = "<group>";
		};
/* End PBXVariantGroup section */

/* Begin XCBuildConfiguration section */
		EA0337A825E8DD5D00963BB4 /* Debug */ = {
			isa = XCBuildConfiguration;
			buildSettings = {
				ALWAYS_SEARCH_USER_PATHS = NO;
				CLANG_ANALYZER_NONNULL = YES;
				CLANG_ANALYZER_NUMBER_OBJECT_CONVERSION = YES_AGGRESSIVE;
				CLANG_CXX_LANGUAGE_STANDARD = "gnu++14";
				CLANG_CXX_LIBRARY = "libc++";
				CLANG_ENABLE_MODULES = YES;
				CLANG_ENABLE_OBJC_ARC = YES;
				CLANG_ENABLE_OBJC_WEAK = YES;
				CLANG_WARN_BLOCK_CAPTURE_AUTORELEASING = YES;
				CLANG_WARN_BOOL_CONVERSION = YES;
				CLANG_WARN_COMMA = YES;
				CLANG_WARN_CONSTANT_CONVERSION = YES;
				CLANG_WARN_DEPRECATED_OBJC_IMPLEMENTATIONS = YES;
				CLANG_WARN_DIRECT_OBJC_ISA_USAGE = YES_ERROR;
				CLANG_WARN_DOCUMENTATION_COMMENTS = YES;
				CLANG_WARN_EMPTY_BODY = YES;
				CLANG_WARN_ENUM_CONVERSION = YES;
				CLANG_WARN_INFINITE_RECURSION = YES;
				CLANG_WARN_INT_CONVERSION = YES;
				CLANG_WARN_NON_LITERAL_NULL_CONVERSION = YES;
				CLANG_WARN_OBJC_IMPLICIT_RETAIN_SELF = YES;
				CLANG_WARN_OBJC_LITERAL_CONVERSION = YES;
				CLANG_WARN_OBJC_ROOT_CLASS = YES_ERROR;
				CLANG_WARN_QUOTED_INCLUDE_IN_FRAMEWORK_HEADER = YES;
				CLANG_WARN_RANGE_LOOP_ANALYSIS = YES;
				CLANG_WARN_STRICT_PROTOTYPES = YES;
				CLANG_WARN_SUSPICIOUS_MOVE = YES;
				CLANG_WARN_UNGUARDED_AVAILABILITY = YES_AGGRESSIVE;
				CLANG_WARN_UNREACHABLE_CODE = YES;
				CLANG_WARN__DUPLICATE_METHOD_MATCH = YES;
				COPY_PHASE_STRIP = NO;
				DEBUG_INFORMATION_FORMAT = dwarf;
				ENABLE_STRICT_OBJC_MSGSEND = YES;
				ENABLE_TESTABILITY = YES;
				GCC_C_LANGUAGE_STANDARD = gnu11;
				GCC_DYNAMIC_NO_PIC = NO;
				GCC_NO_COMMON_BLOCKS = YES;
				GCC_OPTIMIZATION_LEVEL = 0;
				GCC_PREPROCESSOR_DEFINITIONS = (
					"DEBUG=1",
					"$(inherited)",
				);
				GCC_WARN_64_TO_32_BIT_CONVERSION = YES;
				GCC_WARN_ABOUT_RETURN_TYPE = YES_ERROR;
				GCC_WARN_UNDECLARED_SELECTOR = YES;
				GCC_WARN_UNINITIALIZED_AUTOS = YES_AGGRESSIVE;
				GCC_WARN_UNUSED_FUNCTION = YES;
				GCC_WARN_UNUSED_VARIABLE = YES;
				IPHONEOS_DEPLOYMENT_TARGET = 14.4;
				MTL_ENABLE_DEBUG_INFO = INCLUDE_SOURCE;
				MTL_FAST_MATH = YES;
				ONLY_ACTIVE_ARCH = YES;
				SDKROOT = iphoneos;
				SWIFT_ACTIVE_COMPILATION_CONDITIONS = DEBUG;
				SWIFT_OPTIMIZATION_LEVEL = "-Onone";
			};
			name = Debug;
		};
		EA0337A925E8DD5D00963BB4 /* Release */ = {
			isa = XCBuildConfiguration;
			buildSettings = {
				ALWAYS_SEARCH_USER_PATHS = NO;
				CLANG_ANALYZER_NONNULL = YES;
				CLANG_ANALYZER_NUMBER_OBJECT_CONVERSION = YES_AGGRESSIVE;
				CLANG_CXX_LANGUAGE_STANDARD = "gnu++14";
				CLANG_CXX_LIBRARY = "libc++";
				CLANG_ENABLE_MODULES = YES;
				CLANG_ENABLE_OBJC_ARC = YES;
				CLANG_ENABLE_OBJC_WEAK = YES;
				CLANG_WARN_BLOCK_CAPTURE_AUTORELEASING = YES;
				CLANG_WARN_BOOL_CONVERSION = YES;
				CLANG_WARN_COMMA = YES;
				CLANG_WARN_CONSTANT_CONVERSION = YES;
				CLANG_WARN_DEPRECATED_OBJC_IMPLEMENTATIONS = YES;
				CLANG_WARN_DIRECT_OBJC_ISA_USAGE = YES_ERROR;
				CLANG_WARN_DOCUMENTATION_COMMENTS = YES;
				CLANG_WARN_EMPTY_BODY = YES;
				CLANG_WARN_ENUM_CONVERSION = YES;
				CLANG_WARN_INFINITE_RECURSION = YES;
				CLANG_WARN_INT_CONVERSION = YES;
				CLANG_WARN_NON_LITERAL_NULL_CONVERSION = YES;
				CLANG_WARN_OBJC_IMPLICIT_RETAIN_SELF = YES;
				CLANG_WARN_OBJC_LITERAL_CONVERSION = YES;
				CLANG_WARN_OBJC_ROOT_CLASS = YES_ERROR;
				CLANG_WARN_QUOTED_INCLUDE_IN_FRAMEWORK_HEADER = YES;
				CLANG_WARN_RANGE_LOOP_ANALYSIS = YES;
				CLANG_WARN_STRICT_PROTOTYPES = YES;
				CLANG_WARN_SUSPICIOUS_MOVE = YES;
				CLANG_WARN_UNGUARDED_AVAILABILITY = YES_AGGRESSIVE;
				CLANG_WARN_UNREACHABLE_CODE = YES;
				CLANG_WARN__DUPLICATE_METHOD_MATCH = YES;
				COPY_PHASE_STRIP = NO;
				DEBUG_INFORMATION_FORMAT = "dwarf-with-dsym";
				ENABLE_NS_ASSERTIONS = NO;
				ENABLE_STRICT_OBJC_MSGSEND = YES;
				GCC_C_LANGUAGE_STANDARD = gnu11;
				GCC_NO_COMMON_BLOCKS = YES;
				GCC_WARN_64_TO_32_BIT_CONVERSION = YES;
				GCC_WARN_ABOUT_RETURN_TYPE = YES_ERROR;
				GCC_WARN_UNDECLARED_SELECTOR = YES;
				GCC_WARN_UNINITIALIZED_AUTOS = YES_AGGRESSIVE;
				GCC_WARN_UNUSED_FUNCTION = YES;
				GCC_WARN_UNUSED_VARIABLE = YES;
				IPHONEOS_DEPLOYMENT_TARGET = 14.4;
				MTL_ENABLE_DEBUG_INFO = NO;
				MTL_FAST_MATH = YES;
				SDKROOT = iphoneos;
				SWIFT_COMPILATION_MODE = wholemodule;
				SWIFT_OPTIMIZATION_LEVEL = "-O";
				VALIDATE_PRODUCT = YES;
			};
			name = Release;
		};
		EA0337AB25E8DD5D00963BB4 /* Debug */ = {
			isa = XCBuildConfiguration;
			baseConfigurationReference = 9387AE438224EE7FD522A11F /* Pods-ToDoFire.debug.xcconfig */;
			buildSettings = {
				ASSETCATALOG_COMPILER_APPICON_NAME = AppIcon;
				ASSETCATALOG_COMPILER_GLOBAL_ACCENT_COLOR_NAME = AccentColor;
				CODE_SIGN_STYLE = Automatic;
				INFOPLIST_FILE = "ToDoFire/Supporting files/Info.plist";
				LD_RUNPATH_SEARCH_PATHS = (
					"$(inherited)",
					"@executable_path/Frameworks",
				);
				PRODUCT_BUNDLE_IDENTIFIER = IsaikinSergei.ToDoFire;
				PRODUCT_NAME = "$(TARGET_NAME)";
				SWIFT_VERSION = 5.0;
				TARGETED_DEVICE_FAMILY = 1;
			};
			name = Debug;
		};
		EA0337AC25E8DD5D00963BB4 /* Release */ = {
			isa = XCBuildConfiguration;
			baseConfigurationReference = 0DDC84779745C82FB14B8731 /* Pods-ToDoFire.release.xcconfig */;
			buildSettings = {
				ASSETCATALOG_COMPILER_APPICON_NAME = AppIcon;
				ASSETCATALOG_COMPILER_GLOBAL_ACCENT_COLOR_NAME = AccentColor;
				CODE_SIGN_STYLE = Automatic;
				INFOPLIST_FILE = "ToDoFire/Supporting files/Info.plist";
				LD_RUNPATH_SEARCH_PATHS = (
					"$(inherited)",
					"@executable_path/Frameworks",
				);
				PRODUCT_BUNDLE_IDENTIFIER = IsaikinSergei.ToDoFire;
				PRODUCT_NAME = "$(TARGET_NAME)";
				SWIFT_VERSION = 5.0;
				TARGETED_DEVICE_FAMILY = 1;
			};
			name = Release;
		};
/* End XCBuildConfiguration section */

/* Begin XCConfigurationList section */
		EA03379125E8DD5B00963BB4 /* Build configuration list for PBXProject "ToDoFire" */ = {
			isa = XCConfigurationList;
			buildConfigurations = (
				EA0337A825E8DD5D00963BB4 /* Debug */,
				EA0337A925E8DD5D00963BB4 /* Release */,
			);
			defaultConfigurationIsVisible = 0;
			defaultConfigurationName = Release;
		};
		EA0337AA25E8DD5D00963BB4 /* Build configuration list for PBXNativeTarget "ToDoFire" */ = {
			isa = XCConfigurationList;
			buildConfigurations = (
				EA0337AB25E8DD5D00963BB4 /* Debug */,
				EA0337AC25E8DD5D00963BB4 /* Release */,
			);
			defaultConfigurationIsVisible = 0;
			defaultConfigurationName = Release;
		};
/* End XCConfigurationList section */
	};
	rootObject = EA03378E25E8DD5B00963BB4 /* Project object */;
}
